{
  "meteor": {},
  "dependencies": {
    "basePackages": {
      "iron-router": {},
      "select2": {},
      "bootboxjs": {}
    },
    "packages": {
      "iron-router": {
        "git": "https://github.com/EventedMind/iron-router.git",
        "tag": "v0.6.1",
        "commit": "4e1ee0581d68bff422a915dacb0bd30eae10fe08"
      },
      "select2": {
        "git": "https://github.com/nate-strauser/meteor-select2.git",
        "tag": "v3.4.3",
        "commit": "fbe1f33800c90ecdfdcec529970382f8781e3988"
      },
      "bootboxjs": {
        "git": "https://github.com/TimHeckel/meteor-bootboxjs.git",
        "tag": "v3.2.2",
        "commit": "580adfebfa12b4d2186a80cec1109dab74ad6228"
      }
    }
  }
}
